
Microsoft Visual Studio Solution File, Format Version 12.00
# Visual Studio Version 17
VisualStudioVersion = 17.8.34408.163
MinimumVisualStudioVersion = 10.0.40219.1
Project("{FAE04EC0-301F-11D3-BF4B-00C04F79EFBC}") = "PurchaseDoor", "PurchaseDoor.csproj", "{E8905BC8-8DD1-4A09-978D-52AC0F1F1F84}"
EndProject
Global
	GlobalSection(SolutionConfigurationPlatforms) = preSolution
		Debug|Any CPU = Debug|Any CPU
		Release|Any CPU = Release|Any CPU
	EndGlobalSection
	GlobalSection(ProjectConfigurationPlatforms) = postSolution
		{E8905BC8-8DD1-4A09-978D-52AC0F1F1F84}.Debug|Any CPU.ActiveCfg = Debug|Any CPU
		{E8905BC8-8DD1-4A09-978D-52AC0F1F1F84}.Debug|Any CPU.Build.0 = Debug|Any CPU
		{E8905BC8-8DD1-4A09-978D-52AC0F1F1F84}.Release|Any CPU.ActiveCfg = Release|Any CPU
		{E8905BC8-8DD1-4A09-978D-52AC0F1F1F84}.Release|Any CPU.Build.0 = Release|Any CPU
	EndGlobalSection
	GlobalSection(SolutionProperties) = preSolution
		HideSolutionNode = FALSE
	EndGlobalSection
	GlobalSection(ExtensibilityGlobals) = postSolution
		SolutionGuid = {F4DD113F-9282-4551-83E6-380DC5D428F0}
	EndGlobalSection
EndGlobal
